<Solution>
  <!-- 原版 harmonica-auto-player 不列在这里：它是对拍用的参照物，由测试工程按路径引用。 -->
  <Project Path="MidiPerformer.Adapters/MidiPerformer.Adapters.csproj" />
  <Project Path="MidiPerformer.App/MidiPerformer.App.csproj" />
  <Project Path="MidiPerformer.Core/MidiPerformer.Core.csproj" />
  <Project Path="MidiPerformer.Tests/MidiPerformer.Tests.csproj" />
</Solution>
